
Microsoft Visual Studio Solution File, Format Version 12.00
# Visual Studio 2013
VisualStudioVersion = 12.0.30723.0
MinimumVisualStudioVersion = 10.0.40219.1
Project("{FAE04EC0-301F-11D3-BF4B-00C04F79EFBC}") = "RoostagramDotNet", "RoostagramDotNet\RoostagramDotNet.csproj", "{E5904765-4125-417A-B758-F51EBB3D0CEF}"
EndProject
Project("{2150E333-8FDC-42A3-9474-1A3956D46DE8}") = ".nuget", ".nuget", "{FC85EF80-ECD9-48C2-B24F-40D68B02F0D8}"
EndProject
Global
	GlobalSection(SolutionConfigurationPlatforms) = preSolution
		Debug|Any CPU = Debug|Any CPU
		Release|Any CPU = Release|Any CPU
	EndGlobalSection
	GlobalSection(ProjectConfigurationPlatforms) = postSolution
		{E5904765-4125-417A-B758-F51EBB3D0CEF}.Debug|Any CPU.ActiveCfg = Debug|Any CPU
		{E5904765-4125-417A-B758-F51EBB3D0CEF}.Debug|Any CPU.Build.0 = Debug|Any CPU
		{E5904765-4125-417A-B758-F51EBB3D0CEF}.Release|Any CPU.ActiveCfg = Release|Any CPU
		{E5904765-4125-417A-B758-F51EBB3D0CEF}.Release|Any CPU.Build.0 = Release|Any CPU
	EndGlobalSection
	GlobalSection(SolutionProperties) = preSolution
		HideSolutionNode = FALSE
	EndGlobalSection
EndGlobal
